
Microsoft Visual Studio Solution File, Format Version 12.00
# Visual Studio Version 16
VisualStudioVersion = 16.0.33801.447
MinimumVisualStudioVersion = 10.0.40219.1
Project("{FAE04EC0-301F-11D3-BF4B-00C04F79EFBC}") = "1_вариант_Огилько", "1_вариант_Огилько\1_вариант_Огилько.csproj", "{5A973E03-8D1C-4588-8F71-DB2C7ECAA8C1}"
EndProject
Project("{FAE04EC0-301F-11D3-BF4B-00C04F79EFBC}") = "TestingMarks", "TestingMarks\TestingMarks.csproj", "{167297B3-2F5A-4F80-9672-7DD326C3E866}"
EndProject
Global
	GlobalSection(SolutionConfigurationPlatforms) = preSolution
		Debug|Any CPU = Debug|Any CPU
		Release|Any CPU = Release|Any CPU
	EndGlobalSection
	GlobalSection(ProjectConfigurationPlatforms) = postSolution
		{5A973E03-8D1C-4588-8F71-DB2C7ECAA8C1}.Debug|Any CPU.ActiveCfg = Debug|Any CPU
		{5A973E03-8D1C-4588-8F71-DB2C7ECAA8C1}.Debug|Any CPU.Build.0 = Debug|Any CPU
		{5A973E03-8D1C-4588-8F71-DB2C7ECAA8C1}.Release|Any CPU.ActiveCfg = Release|Any CPU
		{5A973E03-8D1C-4588-8F71-DB2C7ECAA8C1}.Release|Any CPU.Build.0 = Release|Any CPU
		{167297B3-2F5A-4F80-9672-7DD326C3E866}.Debug|Any CPU.ActiveCfg = Debug|Any CPU
		{167297B3-2F5A-4F80-9672-7DD326C3E866}.Debug|Any CPU.Build.0 = Debug|Any CPU
		{167297B3-2F5A-4F80-9672-7DD326C3E866}.Release|Any CPU.ActiveCfg = Release|Any CPU
		{167297B3-2F5A-4F80-9672-7DD326C3E866}.Release|Any CPU.Build.0 = Release|Any CPU
	EndGlobalSection
	GlobalSection(SolutionProperties) = preSolution
		HideSolutionNode = FALSE
	EndGlobalSection
	GlobalSection(ExtensibilityGlobals) = postSolution
		SolutionGuid = {12262FFF-C5A8-4E8B-B858-9040978909F7}
	EndGlobalSection
EndGlobal
